
Microsoft Visual Studio Solution File, Format Version 11.00
# Visual Studio 2010
Project("{FAE04EC0-301F-11D3-BF4B-00C04F79EFBC}") = "Plumbing.Core", "src\app\Plumbing.Core\Plumbing.Core.csproj", "{E58E4879-6F57-4F46-92D7-D2E88048AAB3}"
EndProject
Project("{FAE04EC0-301F-11D3-BF4B-00C04F79EFBC}") = "Plumbing.StructureMap", "src\app\Plumbing.StructureMap\Plumbing.StructureMap.csproj", "{6501CE6B-01B5-49CC-9964-3069694841A5}"
EndProject
Project("{FAE04EC0-301F-11D3-BF4B-00C04F79EFBC}") = "Plumbing.Web.Mvc", "src\app\Plumbing.Web.Mvc\Plumbing.Web.Mvc.csproj", "{160C0887-539A-4B66-A271-2B63BF59F3DA}"
EndProject
Project("{2150E333-8FDC-42A3-9474-1A3956D46DE8}") = "Samples", "Samples", "{D526B066-1F4D-48E7-AA7A-FDF2D6B21530}"
EndProject
Project("{FAE04EC0-301F-11D3-BF4B-00C04F79EFBC}") = "Plumbing.Log4net", "src\app\Plumbing.Log4net\Plumbing.Log4net.csproj", "{F2114974-D030-48BC-9627-CCBFEB2309F3}"
EndProject
Project("{FAE04EC0-301F-11D3-BF4B-00C04F79EFBC}") = "Plumbing.Files", "src\app\Plumbing.Files\Plumbing.Files.csproj", "{29AB8F04-6493-4842-B7BC-69A2E4ABD1C7}"
EndProject
Project("{FAE04EC0-301F-11D3-BF4B-00C04F79EFBC}") = "Plumbing.MicrosoftAppServer", "src\app\Plumbing.MicrosoftAppServer\Plumbing.MicrosoftAppServer.csproj", "{09EF97FB-D71F-457F-9BE4-D251178F33D9}"
EndProject
Project("{2150E333-8FDC-42A3-9474-1A3956D46DE8}") = "Tests", "Tests", "{D291C554-C34B-4390-A543-ADED542B53F8}"
EndProject
Project("{FAE04EC0-301F-11D3-BF4B-00C04F79EFBC}") = "Plumbing.Core.Specs", "src\test\Plumbing.Core.Specs\Plumbing.Core.Specs.csproj", "{3EBD3968-C855-4013-B964-7836E5DD378A}"
EndProject
Project("{2150E333-8FDC-42A3-9474-1A3956D46DE8}") = "dotPlumbing", "dotPlumbing", "{3CF77D81-4BBA-419B-9C82-C54911375F20}"
EndProject
Project("{2150E333-8FDC-42A3-9474-1A3956D46DE8}") = "CQRS", "CQRS", "{6A362EB7-AA07-48B9-8D71-28F414A00BCB}"
EndProject
Project("{FAE04EC0-301F-11D3-BF4B-00C04F79EFBC}") = "Cqrs.Sample.Common", "src\samples\CQRS\Cqrs.Sample.Common\Cqrs.Sample.Common.csproj", "{281A379D-D23D-4790-908D-1EE74BA7D08F}"
EndProject
Project("{FAE04EC0-301F-11D3-BF4B-00C04F79EFBC}") = "Cqrs.Sample.Commands", "src\samples\CQRS\Cqrs.Sample.Commands\Cqrs.Sample.Commands.csproj", "{FFAB21E1-A5DC-440C-971A-2F73EC0BC0FC}"
EndProject
Project("{FAE04EC0-301F-11D3-BF4B-00C04F79EFBC}") = "Cqrs.Sample.Web", "src\samples\CQRS\Cqrs.Sample.Web\Cqrs.Sample.Web.csproj", "{AF8F29DD-1F0E-4E60-A598-4AC2FFE99DD5}"
EndProject
Project("{FAE04EC0-301F-11D3-BF4B-00C04F79EFBC}") = "Cqrs.Sample.CommandService", "src\samples\CQRS\Cqrs.Sample.CommandService\Cqrs.Sample.CommandService.csproj", "{DB0AA823-EF0B-40E5-AD96-53D910038670}"
EndProject
Project("{FAE04EC0-301F-11D3-BF4B-00C04F79EFBC}") = "Cqrs.Sample.Events", "src\samples\CQRS\Cqrs.Sample.Events\Cqrs.Sample.Events.csproj", "{1F92325A-BCAA-4F67-9DC1-687CC866009C}"
EndProject
Project("{FAE04EC0-301F-11D3-BF4B-00C04F79EFBC}") = "Cqrs.Sample.Domain", "src\samples\CQRS\Cqrs.Sample.Domain\Cqrs.Sample.Domain.csproj", "{E20A9B65-9034-46B8-96B9-EA23387A7B2E}"
EndProject
Project("{FAE04EC0-301F-11D3-BF4B-00C04F79EFBC}") = "Plumbing.EntityFramework", "src\app\Plumbing.EntityFramework\Plumbing.EntityFramework.csproj", "{6CB38F0E-6A7E-4E83-8F38-7DF7460A2BDC}"
EndProject
Project("{FAE04EC0-301F-11D3-BF4B-00C04F79EFBC}") = "Plumbing.RavenDb", "src\app\Plumbing.RavenDb\Plumbing.RavenDb.csproj", "{5179B9DB-16EB-45AE-8A40-657E1B924304}"
EndProject
Project("{FAE04EC0-301F-11D3-BF4B-00C04F79EFBC}") = "Cqrs.Sample.QueryService", "src\samples\CQRS\Cqrs.Sample.QueryService\Cqrs.Sample.QueryService.csproj", "{CD48454E-16FD-4536-BB7D-7F720B136B59}"
EndProject
Project("{FAE04EC0-301F-11D3-BF4B-00C04F79EFBC}") = "Cqrs.Sample.ViewModels", "src\samples\CQRS\Cqrs.Sample.ViewModels\Cqrs.Sample.ViewModels.csproj", "{6209A515-63F1-40ED-8304-4F8AF3B8657D}"
EndProject
Global
	GlobalSection(SolutionConfigurationPlatforms) = preSolution
		Debug|Any CPU = Debug|Any CPU
		Release|Any CPU = Release|Any CPU
	EndGlobalSection
	GlobalSection(ProjectConfigurationPlatforms) = postSolution
		{E58E4879-6F57-4F46-92D7-D2E88048AAB3}.Debug|Any CPU.ActiveCfg = Debug|Any CPU
		{E58E4879-6F57-4F46-92D7-D2E88048AAB3}.Debug|Any CPU.Build.0 = Debug|Any CPU
		{E58E4879-6F57-4F46-92D7-D2E88048AAB3}.Release|Any CPU.ActiveCfg = Release|Any CPU
		{E58E4879-6F57-4F46-92D7-D2E88048AAB3}.Release|Any CPU.Build.0 = Release|Any CPU
		{6501CE6B-01B5-49CC-9964-3069694841A5}.Debug|Any CPU.ActiveCfg = Debug|Any CPU
		{6501CE6B-01B5-49CC-9964-3069694841A5}.Debug|Any CPU.Build.0 = Debug|Any CPU
		{6501CE6B-01B5-49CC-9964-3069694841A5}.Release|Any CPU.ActiveCfg = Release|Any CPU
		{6501CE6B-01B5-49CC-9964-3069694841A5}.Release|Any CPU.Build.0 = Release|Any CPU
		{160C0887-539A-4B66-A271-2B63BF59F3DA}.Debug|Any CPU.ActiveCfg = Debug|Any CPU
		{160C0887-539A-4B66-A271-2B63BF59F3DA}.Debug|Any CPU.Build.0 = Debug|Any CPU
		{160C0887-539A-4B66-A271-2B63BF59F3DA}.Release|Any CPU.ActiveCfg = Release|Any CPU
		{160C0887-539A-4B66-A271-2B63BF59F3DA}.Release|Any CPU.Build.0 = Release|Any CPU
		{F2114974-D030-48BC-9627-CCBFEB2309F3}.Debug|Any CPU.ActiveCfg = Debug|Any CPU
		{F2114974-D030-48BC-9627-CCBFEB2309F3}.Debug|Any CPU.Build.0 = Debug|Any CPU
		{F2114974-D030-48BC-9627-CCBFEB2309F3}.Release|Any CPU.ActiveCfg = Release|Any CPU
		{F2114974-D030-48BC-9627-CCBFEB2309F3}.Release|Any CPU.Build.0 = Release|Any CPU
		{29AB8F04-6493-4842-B7BC-69A2E4ABD1C7}.Debug|Any CPU.ActiveCfg = Debug|Any CPU
		{29AB8F04-6493-4842-B7BC-69A2E4ABD1C7}.Debug|Any CPU.Build.0 = Debug|Any CPU
		{29AB8F04-6493-4842-B7BC-69A2E4ABD1C7}.Release|Any CPU.ActiveCfg = Release|Any CPU
		{29AB8F04-6493-4842-B7BC-69A2E4ABD1C7}.Release|Any CPU.Build.0 = Release|Any CPU
		{09EF97FB-D71F-457F-9BE4-D251178F33D9}.Debug|Any CPU.ActiveCfg = Debug|Any CPU
		{09EF97FB-D71F-457F-9BE4-D251178F33D9}.Debug|Any CPU.Build.0 = Debug|Any CPU
		{09EF97FB-D71F-457F-9BE4-D251178F33D9}.Release|Any CPU.ActiveCfg = Release|Any CPU
		{09EF97FB-D71F-457F-9BE4-D251178F33D9}.Release|Any CPU.Build.0 = Release|Any CPU
		{3EBD3968-C855-4013-B964-7836E5DD378A}.Debug|Any CPU.ActiveCfg = Debug|Any CPU
		{3EBD3968-C855-4013-B964-7836E5DD378A}.Debug|Any CPU.Build.0 = Debug|Any CPU
		{3EBD3968-C855-4013-B964-7836E5DD378A}.Release|Any CPU.ActiveCfg = Release|Any CPU
		{3EBD3968-C855-4013-B964-7836E5DD378A}.Release|Any CPU.Build.0 = Release|Any CPU
		{281A379D-D23D-4790-908D-1EE74BA7D08F}.Debug|Any CPU.ActiveCfg = Debug|Any CPU
		{281A379D-D23D-4790-908D-1EE74BA7D08F}.Debug|Any CPU.Build.0 = Debug|Any CPU
		{281A379D-D23D-4790-908D-1EE74BA7D08F}.Release|Any CPU.ActiveCfg = Release|Any CPU
		{281A379D-D23D-4790-908D-1EE74BA7D08F}.Release|Any CPU.Build.0 = Release|Any CPU
		{FFAB21E1-A5DC-440C-971A-2F73EC0BC0FC}.Debug|Any CPU.ActiveCfg = Debug|Any CPU
		{FFAB21E1-A5DC-440C-971A-2F73EC0BC0FC}.Debug|Any CPU.Build.0 = Debug|Any CPU
		{FFAB21E1-A5DC-440C-971A-2F73EC0BC0FC}.Release|Any CPU.ActiveCfg = Release|Any CPU
		{FFAB21E1-A5DC-440C-971A-2F73EC0BC0FC}.Release|Any CPU.Build.0 = Release|Any CPU
		{AF8F29DD-1F0E-4E60-A598-4AC2FFE99DD5}.Debug|Any CPU.ActiveCfg = Debug|Any CPU
		{AF8F29DD-1F0E-4E60-A598-4AC2FFE99DD5}.Debug|Any CPU.Build.0 = Debug|Any CPU
		{AF8F29DD-1F0E-4E60-A598-4AC2FFE99DD5}.Release|Any CPU.ActiveCfg = Release|Any CPU
		{AF8F29DD-1F0E-4E60-A598-4AC2FFE99DD5}.Release|Any CPU.Build.0 = Release|Any CPU
		{DB0AA823-EF0B-40E5-AD96-53D910038670}.Debug|Any CPU.ActiveCfg = Debug|Any CPU
		{DB0AA823-EF0B-40E5-AD96-53D910038670}.Debug|Any CPU.Build.0 = Debug|Any CPU
		{DB0AA823-EF0B-40E5-AD96-53D910038670}.Release|Any CPU.ActiveCfg = Release|Any CPU
		{DB0AA823-EF0B-40E5-AD96-53D910038670}.Release|Any CPU.Build.0 = Release|Any CPU
		{1F92325A-BCAA-4F67-9DC1-687CC866009C}.Debug|Any CPU.ActiveCfg = Debug|Any CPU
		{1F92325A-BCAA-4F67-9DC1-687CC866009C}.Debug|Any CPU.Build.0 = Debug|Any CPU
		{1F92325A-BCAA-4F67-9DC1-687CC866009C}.Release|Any CPU.ActiveCfg = Release|Any CPU
		{1F92325A-BCAA-4F67-9DC1-687CC866009C}.Release|Any CPU.Build.0 = Release|Any CPU
		{E20A9B65-9034-46B8-96B9-EA23387A7B2E}.Debug|Any CPU.ActiveCfg = Debug|Any CPU
		{E20A9B65-9034-46B8-96B9-EA23387A7B2E}.Debug|Any CPU.Build.0 = Debug|Any CPU
		{E20A9B65-9034-46B8-96B9-EA23387A7B2E}.Release|Any CPU.ActiveCfg = Release|Any CPU
		{E20A9B65-9034-46B8-96B9-EA23387A7B2E}.Release|Any CPU.Build.0 = Release|Any CPU
		{6CB38F0E-6A7E-4E83-8F38-7DF7460A2BDC}.Debug|Any CPU.ActiveCfg = Debug|Any CPU
		{6CB38F0E-6A7E-4E83-8F38-7DF7460A2BDC}.Debug|Any CPU.Build.0 = Debug|Any CPU
		{6CB38F0E-6A7E-4E83-8F38-7DF7460A2BDC}.Release|Any CPU.ActiveCfg = Release|Any CPU
		{6CB38F0E-6A7E-4E83-8F38-7DF7460A2BDC}.Release|Any CPU.Build.0 = Release|Any CPU
		{5179B9DB-16EB-45AE-8A40-657E1B924304}.Debug|Any CPU.ActiveCfg = Debug|Any CPU
		{5179B9DB-16EB-45AE-8A40-657E1B924304}.Debug|Any CPU.Build.0 = Debug|Any CPU
		{5179B9DB-16EB-45AE-8A40-657E1B924304}.Release|Any CPU.ActiveCfg = Release|Any CPU
		{5179B9DB-16EB-45AE-8A40-657E1B924304}.Release|Any CPU.Build.0 = Release|Any CPU
		{CD48454E-16FD-4536-BB7D-7F720B136B59}.Debug|Any CPU.ActiveCfg = Debug|Any CPU
		{CD48454E-16FD-4536-BB7D-7F720B136B59}.Debug|Any CPU.Build.0 = Debug|Any CPU
		{CD48454E-16FD-4536-BB7D-7F720B136B59}.Release|Any CPU.ActiveCfg = Release|Any CPU
		{CD48454E-16FD-4536-BB7D-7F720B136B59}.Release|Any CPU.Build.0 = Release|Any CPU
		{6209A515-63F1-40ED-8304-4F8AF3B8657D}.Debug|Any CPU.ActiveCfg = Debug|Any CPU
		{6209A515-63F1-40ED-8304-4F8AF3B8657D}.Debug|Any CPU.Build.0 = Debug|Any CPU
		{6209A515-63F1-40ED-8304-4F8AF3B8657D}.Release|Any CPU.ActiveCfg = Release|Any CPU
		{6209A515-63F1-40ED-8304-4F8AF3B8657D}.Release|Any CPU.Build.0 = Release|Any CPU
	EndGlobalSection
	GlobalSection(SolutionProperties) = preSolution
		HideSolutionNode = FALSE
	EndGlobalSection
	GlobalSection(NestedProjects) = preSolution
		{6501CE6B-01B5-49CC-9964-3069694841A5} = {3CF77D81-4BBA-419B-9C82-C54911375F20}
		{160C0887-539A-4B66-A271-2B63BF59F3DA} = {3CF77D81-4BBA-419B-9C82-C54911375F20}
		{F2114974-D030-48BC-9627-CCBFEB2309F3} = {3CF77D81-4BBA-419B-9C82-C54911375F20}
		{29AB8F04-6493-4842-B7BC-69A2E4ABD1C7} = {3CF77D81-4BBA-419B-9C82-C54911375F20}
		{09EF97FB-D71F-457F-9BE4-D251178F33D9} = {3CF77D81-4BBA-419B-9C82-C54911375F20}
		{E58E4879-6F57-4F46-92D7-D2E88048AAB3} = {3CF77D81-4BBA-419B-9C82-C54911375F20}
		{6CB38F0E-6A7E-4E83-8F38-7DF7460A2BDC} = {3CF77D81-4BBA-419B-9C82-C54911375F20}
		{5179B9DB-16EB-45AE-8A40-657E1B924304} = {3CF77D81-4BBA-419B-9C82-C54911375F20}
		{6A362EB7-AA07-48B9-8D71-28F414A00BCB} = {D526B066-1F4D-48E7-AA7A-FDF2D6B21530}
		{3EBD3968-C855-4013-B964-7836E5DD378A} = {D291C554-C34B-4390-A543-ADED542B53F8}
		{281A379D-D23D-4790-908D-1EE74BA7D08F} = {6A362EB7-AA07-48B9-8D71-28F414A00BCB}
		{FFAB21E1-A5DC-440C-971A-2F73EC0BC0FC} = {6A362EB7-AA07-48B9-8D71-28F414A00BCB}
		{AF8F29DD-1F0E-4E60-A598-4AC2FFE99DD5} = {6A362EB7-AA07-48B9-8D71-28F414A00BCB}
		{DB0AA823-EF0B-40E5-AD96-53D910038670} = {6A362EB7-AA07-48B9-8D71-28F414A00BCB}
		{1F92325A-BCAA-4F67-9DC1-687CC866009C} = {6A362EB7-AA07-48B9-8D71-28F414A00BCB}
		{E20A9B65-9034-46B8-96B9-EA23387A7B2E} = {6A362EB7-AA07-48B9-8D71-28F414A00BCB}
		{CD48454E-16FD-4536-BB7D-7F720B136B59} = {6A362EB7-AA07-48B9-8D71-28F414A00BCB}
		{6209A515-63F1-40ED-8304-4F8AF3B8657D} = {6A362EB7-AA07-48B9-8D71-28F414A00BCB}
	EndGlobalSection
EndGlobal
